
Microsoft Visual Studio Solution File, Format Version 12.00
# Visual Studio Version 17
VisualStudioVersion = 17.3.32804.467
MinimumVisualStudioVersion = 10.0.40219.1
Project("{C7167F0D-BC9F-4E6E-AFE1-012C56B48DB5}") = "Test_WinUI (Package)", "Test_WinUI (Package)\Test_WinUI (Package).wapproj", "{31230B9B-E11F-4557-B133-38448BC88501}"
EndProject
Project("{FAE04EC0-301F-11D3-BF4B-00C04F79EFBC}") = "Test_WinUI", "Test_WinUI\Test_WinUI.csproj", "{3DB6DA40-DDEC-458E-9EC5-2BBECA244BB8}"
EndProject
Global
	GlobalSection(SolutionConfigurationPlatforms) = preSolution
		Debug|arm64 = Debug|arm64
		Debug|x64 = Debug|x64
		Debug|x86 = Debug|x86
		Release|arm64 = Release|arm64
		Release|x64 = Release|x64
		Release|x86 = Release|x86
	EndGlobalSection
	GlobalSection(ProjectConfigurationPlatforms) = postSolution
		{31230B9B-E11F-4557-B133-38448BC88501}.Debug|arm64.ActiveCfg = Debug|arm64
		{31230B9B-E11F-4557-B133-38448BC88501}.Debug|arm64.Build.0 = Debug|arm64
		{31230B9B-E11F-4557-B133-38448BC88501}.Debug|arm64.Deploy.0 = Debug|arm64
		{31230B9B-E11F-4557-B133-38448BC88501}.Debug|x64.ActiveCfg = Debug|x64
		{31230B9B-E11F-4557-B133-38448BC88501}.Debug|x64.Build.0 = Debug|x64
		{31230B9B-E11F-4557-B133-38448BC88501}.Debug|x64.Deploy.0 = Debug|x64
		{31230B9B-E11F-4557-B133-38448BC88501}.Debug|x86.ActiveCfg = Debug|x86
		{31230B9B-E11F-4557-B133-38448BC88501}.Debug|x86.Build.0 = Debug|x86
		{31230B9B-E11F-4557-B133-38448BC88501}.Debug|x86.Deploy.0 = Debug|x86
		{31230B9B-E11F-4557-B133-38448BC88501}.Release|arm64.ActiveCfg = Release|arm64
		{31230B9B-E11F-4557-B133-38448BC88501}.Release|arm64.Build.0 = Release|arm64
		{31230B9B-E11F-4557-B133-38448BC88501}.Release|arm64.Deploy.0 = Release|arm64
		{31230B9B-E11F-4557-B133-38448BC88501}.Release|x64.ActiveCfg = Release|x64
		{31230B9B-E11F-4557-B133-38448BC88501}.Release|x64.Build.0 = Release|x64
		{31230B9B-E11F-4557-B133-38448BC88501}.Release|x64.Deploy.0 = Release|x64
		{31230B9B-E11F-4557-B133-38448BC88501}.Release|x86.ActiveCfg = Release|x86
		{31230B9B-E11F-4557-B133-38448BC88501}.Release|x86.Build.0 = Release|x86
		{31230B9B-E11F-4557-B133-38448BC88501}.Release|x86.Deploy.0 = Release|x86
		{3DB6DA40-DDEC-458E-9EC5-2BBECA244BB8}.Debug|arm64.ActiveCfg = Debug|arm64
		{3DB6DA40-DDEC-458E-9EC5-2BBECA244BB8}.Debug|arm64.Build.0 = Debug|arm64
		{3DB6DA40-DDEC-458E-9EC5-2BBECA244BB8}.Debug|x64.ActiveCfg = Debug|x64
		{3DB6DA40-DDEC-458E-9EC5-2BBECA244BB8}.Debug|x64.Build.0 = Debug|x64
		{3DB6DA40-DDEC-458E-9EC5-2BBECA244BB8}.Debug|x86.ActiveCfg = Debug|x86
		{3DB6DA40-DDEC-458E-9EC5-2BBECA244BB8}.Debug|x86.Build.0 = Debug|x86
		{3DB6DA40-DDEC-458E-9EC5-2BBECA244BB8}.Release|arm64.ActiveCfg = Release|arm64
		{3DB6DA40-DDEC-458E-9EC5-2BBECA244BB8}.Release|arm64.Build.0 = Release|arm64
		{3DB6DA40-DDEC-458E-9EC5-2BBECA244BB8}.Release|x64.ActiveCfg = Release|x64
		{3DB6DA40-DDEC-458E-9EC5-2BBECA244BB8}.Release|x64.Build.0 = Release|x64
		{3DB6DA40-DDEC-458E-9EC5-2BBECA244BB8}.Release|x86.ActiveCfg = Release|x86
		{3DB6DA40-DDEC-458E-9EC5-2BBECA244BB8}.Release|x86.Build.0 = Release|x86
	EndGlobalSection
	GlobalSection(SolutionProperties) = preSolution
		HideSolutionNode = FALSE
	EndGlobalSection
	GlobalSection(ExtensibilityGlobals) = postSolution
		SolutionGuid = {10235D01-8387-42D2-9520-E80982A46666}
	EndGlobalSection
EndGlobal
